Microsoft Visual Studio Solution File, Format Version 12.00
# Visual Studio 2013
VisualStudioVersion = 12.0.40629.0
MinimumVisualStudioVersion = 10.0.40219.1
Project("{FAE04EC0-301F-11D3-BF4B-00C04F79EFBC}") = "_Documentation", "_Documentation\_Documentation.csproj", "{3503CC3A-008C-4D94-9E9A-E1E954E75F9A}"
EndProject
Project("{FAE04EC0-301F-11D3-BF4B-00C04F79EFBC}") = "Demo_MG_MazeGame.D05", "Demo_MG_MazeGame.D05\Demo_MG_MazeGame.D05.csproj", "{ABF81B2F-73E4-4A28-8412-86E3F13D81E5}"
EndProject
Project("{FAE04EC0-301F-11D3-BF4B-00C04F79EFBC}") = "Demo_MG_MazeGame.D05.Starter", "Demo_MG_MazeGame.D05.Starter\Demo_MG_MazeGame.D05.Starter.csproj", "{55DE3DED-0CDC-4A57-B2FF-34A38ED7C8DB}"
EndProject
Global
	GlobalSection(SolutionConfigurationPlatforms) = preSolution
		Debug|Any CPU = Debug|Any CPU
		Debug|Mixed Platforms = Debug|Mixed Platforms
		Debug|x86 = Debug|x86
		Release|Any CPU = Release|Any CPU
		Release|Mixed Platforms = Release|Mixed Platforms
		Release|x86 = Release|x86
	EndGlobalSection
	GlobalSection(ProjectConfigurationPlatforms) = postSolution
		{3503CC3A-008C-4D94-9E9A-E1E954E75F9A}.Debug|Any CPU.ActiveCfg = Debug|Any CPU
		{3503CC3A-008C-4D94-9E9A-E1E954E75F9A}.Debug|Any CPU.Build.0 = Debug|Any CPU
		{3503CC3A-008C-4D94-9E9A-E1E954E75F9A}.Debug|Mixed Platforms.ActiveCfg = Debug|Any CPU
		{3503CC3A-008C-4D94-9E9A-E1E954E75F9A}.Debug|Mixed Platforms.Build.0 = Debug|Any CPU
		{3503CC3A-008C-4D94-9E9A-E1E954E75F9A}.Debug|x86.ActiveCfg = Debug|Any CPU
		{3503CC3A-008C-4D94-9E9A-E1E954E75F9A}.Release|Any CPU.ActiveCfg = Release|Any CPU
		{3503CC3A-008C-4D94-9E9A-E1E954E75F9A}.Release|Any CPU.Build.0 = Release|Any CPU
		{3503CC3A-008C-4D94-9E9A-E1E954E75F9A}.Release|Mixed Platforms.ActiveCfg = Release|Any CPU
		{3503CC3A-008C-4D94-9E9A-E1E954E75F9A}.Release|Mixed Platforms.Build.0 = Release|Any CPU
		{3503CC3A-008C-4D94-9E9A-E1E954E75F9A}.Release|x86.ActiveCfg = Release|Any CPU
		{ABF81B2F-73E4-4A28-8412-86E3F13D81E5}.Debug|Any CPU.ActiveCfg = Debug|x86
		{ABF81B2F-73E4-4A28-8412-86E3F13D81E5}.Debug|Mixed Platforms.ActiveCfg = Debug|x86
		{ABF81B2F-73E4-4A28-8412-86E3F13D81E5}.Debug|Mixed Platforms.Build.0 = Debug|x86
		{ABF81B2F-73E4-4A28-8412-86E3F13D81E5}.Debug|x86.ActiveCfg = Debug|x86
		{ABF81B2F-73E4-4A28-8412-86E3F13D81E5}.Debug|x86.Build.0 = Debug|x86
		{ABF81B2F-73E4-4A28-8412-86E3F13D81E5}.Release|Any CPU.ActiveCfg = Release|x86
		{ABF81B2F-73E4-4A28-8412-86E3F13D81E5}.Release|Mixed Platforms.ActiveCfg = Release|x86
		{ABF81B2F-73E4-4A28-8412-86E3F13D81E5}.Release|Mixed Platforms.Build.0 = Release|x86
		{ABF81B2F-73E4-4A28-8412-86E3F13D81E5}.Release|x86.ActiveCfg = Release|x86
		{ABF81B2F-73E4-4A28-8412-86E3F13D81E5}.Release|x86.Build.0 = Release|x86
		{55DE3DED-0CDC-4A57-B2FF-34A38ED7C8DB}.Debug|Any CPU.ActiveCfg = Debug|x86
		{55DE3DED-0CDC-4A57-B2FF-34A38ED7C8DB}.Debug|Mixed Platforms.ActiveCfg = Debug|x86
		{55DE3DED-0CDC-4A57-B2FF-34A38ED7C8DB}.Debug|Mixed Platforms.Build.0 = Debug|x86
		{55DE3DED-0CDC-4A57-B2FF-34A38ED7C8DB}.Debug|x86.ActiveCfg = Debug|x86
		{55DE3DED-0CDC-4A57-B2FF-34A38ED7C8DB}.Debug|x86.Build.0 = Debug|x86
		{55DE3DED-0CDC-4A57-B2FF-34A38ED7C8DB}.Release|Any CPU.ActiveCfg = Release|x86
		{55DE3DED-0CDC-4A57-B2FF-34A38ED7C8DB}.Release|Mixed Platforms.ActiveCfg = Release|x86
		{55DE3DED-0CDC-4A57-B2FF-34A38ED7C8DB}.Release|Mixed Platforms.Build.0 = Release|x86
		{55DE3DED-0CDC-4A57-B2FF-34A38ED7C8DB}.Release|x86.ActiveCfg = Release|x86
		{55DE3DED-0CDC-4A57-B2FF-34A38ED7C8DB}.Release|x86.Build.0 = Release|x86
	EndGlobalSection
	GlobalSection(SolutionProperties) = preSolution
		HideSolutionNode = FALSE
	EndGlobalSection
EndGlobal
